PODS:
  - Alamofire (5.9.1)
  - AppAuth (1.7.5):
    - AppAuth/Core (= 1.7.5)
    - AppAuth/ExternalUserAgent (= 1.7.5)
  - AppAuth/Core (1.7.5)
  - AppAuth/ExternalUserAgent (1.7.5):
    - AppAuth/Core
  - AppCheckCore (11.2.0):
    - GoogleUtilities/Environment (~> 8.0)
    - GoogleUtilities/UserDefaults (~> 8.0)
    - PromisesObjC (~> 2.4)
  - BetterSegmentedControl (2.0.1)
  - BottomPopup (0.7.0)
  - Cache (6.0.0)
  - CollectionViewPagingLayout (1.1.0)
  - CropViewController (2.7.4)
  - ExpandableLabel (0.5.2)
  - FLUtilities (0.1.0)
  - FSCalendar (2.8.4)
  - Google-Mobile-Ads-SDK (11.8.0):
    - GoogleUserMessagingPlatform (>= 1.1)
  - GoogleAds-IMA-iOS-SDK (3.23.0)
  - GoogleSignIn (8.0.0):
    - AppAuth (< 2.0, >= 1.7.3)
    - AppCheckCore (~> 11.0)
    - GTMAppAuth (< 5.0, >= 4.1.1)
    - GTMSessionFetcher/Core (~> 3.3)
  - GoogleUserMessagingPlatform (2.5.0)
  - GoogleUtilities/Environment (8.0.2):
    - GoogleUtilities/Privacy
  - GoogleUtilities/Logger (8.0.2):
    - GoogleUtilities/Environment
    - GoogleUtilities/Privacy
  - GoogleUtilities/Privacy (8.0.2)
  - GoogleUtilities/UserDefaults (8.0.2):
    - GoogleUtilities/Logger
    - GoogleUtilities/Privacy
  - GTMAppAuth (4.1.1):
    - AppAuth/Core (~> 1.7)
    - GTMSessionFetcher/Core (< 4.0, >= 3.3)
  - GTMSessionFetcher/Core (3.5.0)
  - Haptico (1.1.1)
  - Hero (1.6.3)
  - IQKeyboardManagerSwift (7.1.1)
  - JWTDecode (3.2.0)
  - JXPageControl (0.1.5):
    - JXPageControl/Common (= 0.1.5)
    - JXPageControl/Jump (= 0.1.5)
    - JXPageControl/Transform (= 0.1.5)
  - JXPageControl/Common (0.1.5)
  - JXPageControl/Jump (0.1.5):
    - JXPageControl/Common
  - JXPageControl/Transform (0.1.5):
    - JXPageControl/Common
  - lottie-ios (4.5.0)
  - MarqueeLabel (4.5.0)
  - MSCircularSlider (1.3.2)
  - NeatTipView (1.0.1)
  - NewPopMenu (2.1.2)
  - NVActivityIndicatorView (4.8.0):
    - NVActivityIndicatorView/Presenter (= 4.8.0)
  - NVActivityIndicatorView/Presenter (4.8.0)
  - PromisesObjC (2.4.0)
  - SDWebImage (5.19.7):
    - SDWebImage/Core (= 5.19.7)
  - SDWebImage/Core (5.19.7)
  - SKCountryPicker (4.0.0)
  - SkeletonView (1.30.4)
  - StepperView (1.6.7)
  - Stripe (23.29.2):
    - StripeApplePay (= 23.29.2)
    - StripeCore (= 23.29.2)
    - StripePayments (= 23.29.2)
    - StripePaymentsUI (= 23.29.2)
    - StripeUICore (= 23.29.2)
  - StripeApplePay (23.29.2):
    - StripeCore (= 23.29.2)
  - StripeCore (23.29.2)
  - StripePayments (23.29.2):
    - StripeCore (= 23.29.2)
    - StripePayments/Stripe3DS2 (= 23.29.2)
  - StripePayments/Stripe3DS2 (23.29.2):
    - StripeCore (= 23.29.2)
  - StripePaymentsUI (23.29.2):
    - StripeCore (= 23.29.2)
    - StripePayments (= 23.29.2)
    - StripeUICore (= 23.29.2)
  - StripeUICore (23.29.2):
    - StripeCore (= 23.29.2)
  - SwiftAudioPlayer (7.6.0)
  - SwiftyJSON (5.0.2)
  - SwiftyStoreKit (0.16.1)
  - WXImageCompress (0.1.3)
  - youtube-ios-player-helper (1.0.4)
  - YoutubePlayerView (1.2.1)

DEPENDENCIES:
  - Alamofire (~> 5.2)
  - BetterSegmentedControl
  - BottomPopup
  - Cache
  - CollectionViewPagingLayout
  - CropViewController
  - ExpandableLabel
  - FLUtilities (from `https://github.com/Nickelfox/FLUtilities.git`, branch `develop`)
  - FSCalendar
  - Google-Mobile-Ads-SDK
  - GoogleAds-IMA-iOS-SDK (~> 3.23.0)
  - GoogleSignIn
  - Haptico (= 1.1.1)
  - Hero
  - IQKeyboardManagerSwift
  - JWTDecode (~> 3.1)
  - JXPageControl
  - lottie-ios
  - MarqueeLabel
  - MSCircularSlider
  - NeatTipView
  - NewPopMenu (~> 2.0)
  - NVActivityIndicatorView (~> 4.8.0)
  - SDWebImage (~> 5.0)
  - SKCountryPicker
  - SkeletonView
  - StepperView (~> 1.6.7)
  - Stripe
  - SwiftAudioPlayer (from `https://github.com/Kuama-IT/SwiftAudioPlayer.git`, branch `fix-ios-16-crash`)
  - SwiftyJSON
  - SwiftyStoreKit
  - WXImageCompress (~> 0.1.1)
  - youtube-ios-player-helper
  - YoutubePlayerView

SPEC REPOS:
  trunk:
    - Alamofire
    - AppAuth
    - AppCheckCore
    - BetterSegmentedControl
    - BottomPopup
    - Cache
    - CollectionViewPagingLayout
    - CropViewController
    - ExpandableLabel
    - FSCalendar
    - Google-Mobile-Ads-SDK
    - GoogleAds-IMA-iOS-SDK
    - GoogleSignIn
    - GoogleUserMessagingPlatform
    - GoogleUtilities
    - GTMAppAuth
    - GTMSessionFetcher
    - Haptico
    - Hero
    - IQKeyboardManagerSwift
    - JWTDecode
    - JXPageControl
    - lottie-ios
    - MarqueeLabel
    - MSCircularSlider
    - NeatTipView
    - NewPopMenu
    - NVActivityIndicatorView
    - PromisesObjC
    - SDWebImage
    - SKCountryPicker
    - SkeletonView
    - StepperView
    - Stripe
    - StripeApplePay
    - StripeCore
    - StripePayments
    - StripePaymentsUI
    - StripeUICore
    - SwiftyJSON
    - SwiftyStoreKit
    - WXImageCompress
    - youtube-ios-player-helper
    - YoutubePlayerView

EXTERNAL SOURCES:
  FLUtilities:
    :branch: develop
    :git: https://github.com/Nickelfox/FLUtilities.git
  SwiftAudioPlayer:
    :branch: fix-ios-16-crash
    :git: https://github.com/Kuama-IT/SwiftAudioPlayer.git

CHECKOUT OPTIONS:
  FLUtilities:
    :commit: b446e42ac0b1f72fb2c01b2e3dd3e9655d264566
    :git: https://github.com/Nickelfox/FLUtilities.git
  SwiftAudioPlayer:
    :commit: 97a9bf69e41ff19c57be4893bcc8d9f31495e7b2
    :git: https://github.com/Kuama-IT/SwiftAudioPlayer.git

SPEC CHECKSUMS:
  Alamofire: f36a35757af4587d8e4f4bfa223ad10be2422b8c
  AppAuth: 501c04eda8a8d11f179dbe8637b7a91bb7e5d2fa
  AppCheckCore: cc8fd0a3a230ddd401f326489c99990b013f0c4f
  BetterSegmentedControl: 09607b27861d49cbce48b7673b74f9150a3d371a
  BottomPopup: fe3e284628532f99093ae68c592c6b9d392c972d
  Cache: 4ca7e00363fca5455f26534e5607634c820ffc2d
  CollectionViewPagingLayout: 2f8d50683bae57ca88f47fa4ab0195c9079582cf
  CropViewController: 3489bbf95a3e11c654382b0bae08ac645cdf1b93
  ExpandableLabel: c2fab6d27860c572d67134b30522a5917746171d
  FLUtilities: b61fc8f05e8b952f803b77b26ca11936502c923d
  FSCalendar: 2d1d0d9398f12d439f55c1fe0f01525b151b8260
  Google-Mobile-Ads-SDK: c1c53687b572122c5b0bdaf354335bbf40fd81ef
  GoogleAds-IMA-iOS-SDK: ee2a68ed7a1a17c7bb81bdb1b81590b35a3fc8f3
  GoogleSignIn: ce8c89bb9b37fb624b92e7514cc67335d1e277e4
  GoogleUserMessagingPlatform: 6b4f48a370e77ce121d034c908cc6ee4fdafaf13
  GoogleUtilities: 26a3abef001b6533cf678d3eb38fd3f614b7872d
  GTMAppAuth: f69bd07d68cd3b766125f7e072c45d7340dea0de
  GTMSessionFetcher: 5aea5ba6bd522a239e236100971f10cb71b96ab6
  Haptico: 3ab938425737e2b90939d41e1b23538cdbe1cf44
  Hero: 419d43384355b3168512bd8ac6a33aadd3dc575b
  IQKeyboardManagerSwift: d7f3d3a562c237a0e7335e657cd598c452f57f1b
  JWTDecode: 7dae24cb9bf9b608eae61e5081029ec169bb5527
  JXPageControl: e9487b39e2e58fc17790833214f3b8e935bef98b
  lottie-ios: a881093fab623c467d3bce374367755c272bdd59
  MarqueeLabel: 4b46d196abd253448e830cbd976f9eacc3af0849
  MSCircularSlider: 07fe922e6a7e05fb67e876d449e365327fdad3d1
  NeatTipView: e1a80fcea835e74a0ed3fb260b1f62a907013e78
  NewPopMenu: c6129e08e8192f6257ceb5f9a4357e1b59c6e2e7
  NVActivityIndicatorView: d24b7ebcf80af5dcd994adb650e2b6c93379270f
  PromisesObjC: f5707f49cb48b9636751c5b2e7d227e43fba9f47
  SDWebImage: 8a6b7b160b4d710e2a22b6900e25301075c34cb3
  SKCountryPicker: 22b45e7fa797ef1ed6f453e66c78ce5a2ee96c55
  SkeletonView: 5a050f6411e697abd4cda0a8d767013399dccd69
  StepperView: 9b88922ef65712410c0e95c460cd115d33cfd933
  Stripe: 3b130927eaa796c09e1fe33c68525a14606dc81a
  StripeApplePay: dff104aeee493627a649576a0014d76eadabceee
  StripeCore: 9edec1b15faa6bb7f46def319cc689dc37a8d233
  StripePayments: f1465ee56d5589630ffaf4ad873d400d8752f8f8
  StripePaymentsUI: 6b182240135130d5d61cd8a9c48717264ac203ec
  StripeUICore: 5f21b736a399dff66d6c8ca7e2ce3e4fd02c40fd
  SwiftAudioPlayer: a546709faf47f3ab0cb59e41ba4432e6bb61db0a
  SwiftyJSON: f5b1bf1cd8dd53cd25887ac0eabcfd92301c6a5a
  SwiftyStoreKit: 6b9c08810269f030586dac1fae8e75871a82e84a
  WXImageCompress: 86c7a4d028c7fc9c74181468c318a9ec688fcdac
  youtube-ios-player-helper: e9b97535e816db3152179d84d999bc1807ecd689
  YoutubePlayerView: 3870fc10f2db3f54156697757f44d304203bdc7e

PODFILE CHECKSUM: 175e6e3118a938afe3a06e028023c9cc7f86166c

COCOAPODS: 1.14.3
